# This file is automatically @generated by Cargo.
# It is not intended for manual editing.
#
# Hand-written for the first commit, and it is exact: the crate has no
# dependencies, so this is the whole graph. It is a BUILD INPUT, not an
# output — flake.nix packages the crate with cargoLock.lockFile and needs a
# committed lock to point at, and `--locked` in CI keeps it honest from here.
version = 3

[[package]]
name = "c3-morpheus"
version = "0.1.0"
